
Microsoft Visual Studio Solution File, Format Version 12.00
# Visual Studio Version 17
VisualStudioVersion = 17.6.33723.286
MinimumVisualStudioVersion = 10.0.40219.1
Project("{FAE04EC0-301F-11D3-BF4B-00C04F79EFBC}") = "Fuel.Manager.Server", "Fuel.Manager.Server\Fuel.Manager.Server.csproj", "{32528889-24B3-4F7E-B08E-27922F23A7DF}"
EndProject
Project("{FAE04EC0-301F-11D3-BF4B-00C04F79EFBC}") = "Fuel.Manager.Client", "Fuel.Manager.Client\Fuel.Manager.Client.csproj", "{419023CC-1788-4523-9A1C-FB2FA81E15F3}"
EndProject
Global
	GlobalSection(SolutionConfigurationPlatforms) = preSolution
		Debug|Any CPU = Debug|Any CPU
		Release|Any CPU = Release|Any CPU
	EndGlobalSection
	GlobalSection(ProjectConfigurationPlatforms) = postSolution
		{32528889-24B3-4F7E-B08E-27922F23A7DF}.Debug|Any CPU.ActiveCfg = Debug|Any CPU
		{32528889-24B3-4F7E-B08E-27922F23A7DF}.Debug|Any CPU.Build.0 = Debug|Any CPU
		{32528889-24B3-4F7E-B08E-27922F23A7DF}.Release|Any CPU.ActiveCfg = Release|Any CPU
		{32528889-24B3-4F7E-B08E-27922F23A7DF}.Release|Any CPU.Build.0 = Release|Any CPU
		{419023CC-1788-4523-9A1C-FB2FA81E15F3}.Debug|Any CPU.ActiveCfg = Debug|Any CPU
		{419023CC-1788-4523-9A1C-FB2FA81E15F3}.Debug|Any CPU.Build.0 = Debug|Any CPU
		{419023CC-1788-4523-9A1C-FB2FA81E15F3}.Release|Any CPU.ActiveCfg = Release|Any CPU
		{419023CC-1788-4523-9A1C-FB2FA81E15F3}.Release|Any CPU.Build.0 = Release|Any CPU
	EndGlobalSection
	GlobalSection(SolutionProperties) = preSolution
		HideSolutionNode = FALSE
	EndGlobalSection
	GlobalSection(ExtensibilityGlobals) = postSolution
		SolutionGuid = {ECCB93D6-874E-4849-860D-0938DB46E697}
	EndGlobalSection
EndGlobal
